github.com/buger/jsonparser v1.1.1 h1:2PnMjfWD7wBILjqQbt530v576A/cAbQvEW9gGIpYMUs=
github.com/buger/jsonparser v1.1.1/go.mod h1:6RYKKt7H4d4+iWqouImQ9R2FZql3VbhNgx27UK13J/0=
golang.org/x/exp v0.0.0-20230118134722-a68e582fa157 h1:fiNkyhJPUvxbRPbCqY/D9qdjmPzfHcpK3P4bM4gioSY=
golang.org/x/exp v0.0.0-20230118134722-a68e582fa157/go.mod h1:CxIveKay+FTh1D0yPZemJVgC/95VzuuOLq5Qi4xnoYc=
